// !$*UTF8*$!
{
	archiveVersion = 1;
	classes = {
	};
	objectVersion = 56;
	objects = {

/* Begin PBXBuildFile section */
		2967FD53293A253F0042B774 /* Day2.cpp in Sources */ = {isa = PBXBuildFile; fileRef = 2967FD51293A253F0042B774 /* Day2.cpp */; };
		2967FD5B293BB2F50042B774 /* Day3.cpp in Sources */ = {isa = PBXBuildFile; fileRef = 2967FD5A293BB2F50042B774 /* Day3.cpp */; };
		2967FD61293D56970042B774 /* Day4.cpp in Sources */ = {isa = PBXBuildFile; fileRef = 2967FD5E293D56970042B774 /* Day4.cpp */; };
		29F647B729385D5C008BFDF6 /* main.cpp in Sources */ = {isa = PBXBuildFile; fileRef = 29F647B629385D5C008BFDF6 /* main.cpp */; };
		29F647BF29385DC0008BFDF6 /* Day1.cpp in Sources */ = {isa = PBXBuildFile; fileRef = 29F647BE29385DC0008BFDF6 /* Day1.cpp */; };
/* End PBXBuildFile section */

/* Begin PBXCopyFilesBuildPhase section */
		29F647B129385D5C008BFDF6 /* CopyFiles */ = {
			isa = PBXCopyFilesBuildPhase;
			buildActionMask = 2147483647;
			dstPath = /usr/share/man/man1/;
			dstSubfolderSpec = 0;
			files = (
			);
			runOnlyForDeploymentPostprocessing = 1;
		};
/* End PBXCopyFilesBuildPhase section */

/* Begin PBXFileReference section */
		2967FD4C2938769C0042B774 /* input_example.txt */ = {isa = PBXFileReference; lastKnownFileType = text; path = input_example.txt; sourceTree = "<group>"; };
		2967FD4F293A253F0042B774 /* input_example.txt */ = {isa = PBXFileReference; fileEncoding = 4; lastKnownFileType = text; path = input_example.txt; sourceTree = "<group>"; };
		2967FD50293A253F0042B774 /* input_second.txt */ = {isa = PBXFileReference; fileEncoding = 4; lastKnownFileType = text; path = input_second.txt; sourceTree = "<group>"; };
		2967FD51293A253F0042B774 /* Day2.cpp */ = {isa = PBXFileReference; fileEncoding = 4; lastKnownFileType = sourcecode.cpp.cpp; path = Day2.cpp; sourceTree = "<group>"; };
		2967FD52293A253F0042B774 /* input_first.txt */ = {isa = PBXFileReference; fileEncoding = 4; lastKnownFileType = text; path = input_first.txt; sourceTree = "<group>"; };
		2967FD59293BB2F50042B774 /* input_example.txt */ = {isa = PBXFileReference; fileEncoding = 4; lastKnownFileType = text; path = input_example.txt; sourceTree = "<group>"; };
		2967FD5A293BB2F50042B774 /* Day3.cpp */ = {isa = PBXFileReference; fileEncoding = 4; lastKnownFileType = sourcecode.cpp.cpp; path = Day3.cpp; sourceTree = "<group>"; };
		2967FD5C293BBDF00042B774 /* input_first.txt */ = {isa = PBXFileReference; lastKnownFileType = text; path = input_first.txt; sourceTree = "<group>"; };
		2967FD5E293D56970042B774 /* Day4.cpp */ = {isa = PBXFileReference; fileEncoding = 4; lastKnownFileType = sourcecode.cpp.cpp; path = Day4.cpp; sourceTree = "<group>"; };
		2967FD5F293D56970042B774 /* input_example.txt */ = {isa = PBXFileReference; fileEncoding = 4; lastKnownFileType = text; path = input_example.txt; sourceTree = "<group>"; };
		2967FD60293D56970042B774 /* input_first.txt */ = {isa = PBXFileReference; fileEncoding = 4; lastKnownFileType = text; path = input_first.txt; sourceTree = "<group>"; };
		29C6709129386D2A00F33F3E /* input_first.txt */ = {isa = PBXFileReference; lastKnownFileType = text; path = input_first.txt; sourceTree = "<group>"; };
		29C6709229386D4800F33F3E /* input_second.txt */ = {isa = PBXFileReference; lastKnownFileType = text; path = input_second.txt; sourceTree = "<group>"; };
		29F647B329385D5C008BFDF6 /* aoc-2022 */ = {isa = PBXFileReference; explicitFileType = "compiled.mach-o.executable"; includeInIndex = 0; path = "aoc-2022"; sourceTree = BUILT_PRODUCTS_DIR; };
		29F647B629385D5C008BFDF6 /* main.cpp */ = {isa = PBXFileReference; lastKnownFileType = sourcecode.cpp.cpp; path = main.cpp; sourceTree = "<group>"; };
		29F647BE29385DC0008BFDF6 /* Day1.cpp */ = {isa = PBXFileReference; lastKnownFileType = sourcecode.cpp.cpp; path = Day1.cpp; sourceTree = "<group>"; };
/* End PBXFileReference section */

/* Begin PBXFrameworksBuildPhase section */
		29F647B029385D5C008BFDF6 /* Frameworks */ = {
			isa = PBXFrameworksBuildPhase;
			buildActionMask = 2147483647;
			files = (
			);
			runOnlyForDeploymentPostprocessing = 0;
		};
/* End PBXFrameworksBuildPhase section */

/* Begin PBXGroup section */
		2967FD4E293A25290042B774 /* Day2 */ = {
			isa = PBXGroup;
			children = (
				2967FD51293A253F0042B774 /* Day2.cpp */,
				2967FD4F293A253F0042B774 /* input_example.txt */,
				2967FD52293A253F0042B774 /* input_first.txt */,
				2967FD50293A253F0042B774 /* input_second.txt */,
			);
			path = Day2;
			sourceTree = "<group>";
		};
		2967FD58293BB2DA0042B774 /* Day3 */ = {
			isa = PBXGroup;
			children = (
				2967FD5C293BBDF00042B774 /* input_first.txt */,
				2967FD5A293BB2F50042B774 /* Day3.cpp */,
				2967FD59293BB2F50042B774 /* input_example.txt */,
			);
			path = Day3;
			sourceTree = "<group>";
		};
		2967FD5D293D56830042B774 /* Day4 */ = {
			isa = PBXGroup;
			children = (
				2967FD5E293D56970042B774 /* Day4.cpp */,
				2967FD5F293D56970042B774 /* input_example.txt */,
				2967FD60293D56970042B774 /* input_first.txt */,
			);
			path = Day4;
			sourceTree = "<group>";
		};
		29F647AA29385D5C008BFDF6 = {
			isa = PBXGroup;
			children = (
				29F647B529385D5C008BFDF6 /* aoc-2022 */,
				29F647B429385D5C008BFDF6 /* Products */,
			);
			sourceTree = "<group>";
		};
		29F647B429385D5C008BFDF6 /* Products */ = {
			isa = PBXGroup;
			children = (
				29F647B329385D5C008BFDF6 /* aoc-2022 */,
			);
			name = Products;
			sourceTree = "<group>";
		};
		29F647B529385D5C008BFDF6 /* aoc-2022 */ = {
			isa = PBXGroup;
			children = (
				2967FD5D293D56830042B774 /* Day4 */,
				2967FD58293BB2DA0042B774 /* Day3 */,
				2967FD4E293A25290042B774 /* Day2 */,
				29F647BD29385D9D008BFDF6 /* Day1 */,
				29F647B629385D5C008BFDF6 /* main.cpp */,
			);
			path = "aoc-2022";
			sourceTree = "<group>";
		};
		29F647BD29385D9D008BFDF6 /* Day1 */ = {
			isa = PBXGroup;
			children = (
				2967FD4C2938769C0042B774 /* input_example.txt */,
				29C6709229386D4800F33F3E /* input_second.txt */,
				29C6709129386D2A00F33F3E /* input_first.txt */,
				29F647BE29385DC0008BFDF6 /* Day1.cpp */,
			);
			path = Day1;
			sourceTree = "<group>";
		};
/* End PBXGroup section */

/* Begin PBXNativeTarget section */
		29F647B229385D5C008BFDF6 /* aoc-2022 */ = {
			isa = PBXNativeTarget;
			buildConfigurationList = 29F647BA29385D5C008BFDF6 /* Build configuration list for PBXNativeTarget "aoc-2022" */;
			buildPhases = (
				29F647AF29385D5C008BFDF6 /* Sources */,
				29F647B029385D5C008BFDF6 /* Frameworks */,
				29F647B129385D5C008BFDF6 /* CopyFiles */,
			);
			buildRules = (
			);
			dependencies = (
			);
			name = "aoc-2022";
			productName = "aoc-2022";
			productReference = 29F647B329385D5C008BFDF6 /* aoc-2022 */;
			productType = "com.apple.product-type.tool";
		};
/* End PBXNativeTarget section */

/* Begin PBXProject section */
		29F647AB29385D5C008BFDF6 /* Project object */ = {
			isa = PBXProject;
			attributes = {
				BuildIndependentTargetsInParallel = 1;
				LastUpgradeCheck = 1400;
				TargetAttributes = {
					29F647B229385D5C008BFDF6 = {
						CreatedOnToolsVersion = 14.0.1;
					};
				};
			};
			buildConfigurationList = 29F647AE29385D5C008BFDF6 /* Build configuration list for PBXProject "aoc-2022" */;
			compatibilityVersion = "Xcode 14.0";
			developmentRegion = en;
			hasScannedForEncodings = 0;
			knownRegions = (
				en,
				Base,
			);
			mainGroup = 29F647AA29385D5C008BFDF6;
			productRefGroup = 29F647B429385D5C008BFDF6 /* Products */;
			projectDirPath = "";
			projectRoot = "";
			targets = (
				29F647B229385D5C008BFDF6 /* aoc-2022 */,
			);
		};
/* End PBXProject section */

/* Begin PBXSourcesBuildPhase section */
		29F647AF29385D5C008BFDF6 /* Sources */ = {
			isa = PBXSourcesBuildPhase;
			buildActionMask = 2147483647;
			files = (
				2967FD53293A253F0042B774 /* Day2.cpp in Sources */,
				29F647BF29385DC0008BFDF6 /* Day1.cpp in Sources */,
				2967FD5B293BB2F50042B774 /* Day3.cpp in Sources */,
				29F647B729385D5C008BFDF6 /* main.cpp in Sources */,
				2967FD61293D56970042B774 /* Day4.cpp in Sources */,
			);
			runOnlyForDeploymentPostprocessing = 0;
		};
/* End PBXSourcesBuildPhase section */

/* Begin XCBuildConfiguration section */
		29F647B829385D5C008BFDF6 /* Debug */ = {
			isa = XCBuildConfiguration;
			buildSettings = {
				ALWAYS_SEARCH_USER_PATHS = NO;
				CLANG_ANALYZER_NONNULL = YES;
				CLANG_ANALYZER_NUMBER_OBJECT_CONVERSION = YES_AGGRESSIVE;
				CLANG_CXX_LANGUAGE_STANDARD = "gnu++20";
				CLANG_ENABLE_MODULES = YES;
				CLANG_ENABLE_OBJC_ARC = YES;
				CLANG_ENABLE_OBJC_WEAK = YES;
				CLANG_WARN_BLOCK_CAPTURE_AUTORELEASING = YES;
				CLANG_WARN_BOOL_CONVERSION = YES;
				CLANG_WARN_COMMA = YES;
				CLANG_WARN_CONSTANT_CONVERSION = YES;
				CLANG_WARN_DEPRECATED_OBJC_IMPLEMENTATIONS = YES;
				CLANG_WARN_DIRECT_OBJC_ISA_USAGE = YES_ERROR;
				CLANG_WARN_DOCUMENTATION_COMMENTS = YES;
				CLANG_WARN_EMPTY_BODY = YES;
				CLANG_WARN_ENUM_CONVERSION = YES;
				CLANG_WARN_INFINITE_RECURSION = YES;
				CLANG_WARN_INT_CONVERSION = YES;
				CLANG_WARN_NON_LITERAL_NULL_CONVERSION = YES;
				CLANG_WARN_OBJC_IMPLICIT_RETAIN_SELF = YES;
				CLANG_WARN_OBJC_LITERAL_CONVERSION = YES;
				CLANG_WARN_OBJC_ROOT_CLASS = YES_ERROR;
				CLANG_WARN_QUOTED_INCLUDE_IN_FRAMEWORK_HEADER = YES;
				CLANG_WARN_RANGE_LOOP_ANALYSIS = YES;
				CLANG_WARN_STRICT_PROTOTYPES = YES;
				CLANG_WARN_SUSPICIOUS_MOVE = YES;
				CLANG_WARN_UNGUARDED_AVAILABILITY = YES_AGGRESSIVE;
				CLANG_WARN_UNREACHABLE_CODE = YES;
				CLANG_WARN__DUPLICATE_METHOD_MATCH = YES;
				COPY_PHASE_STRIP = NO;
				DEBUG_INFORMATION_FORMAT = dwarf;
				ENABLE_STRICT_OBJC_MSGSEND = YES;
				ENABLE_TESTABILITY = YES;
				GCC_C_LANGUAGE_STANDARD = gnu11;
				GCC_DYNAMIC_NO_PIC = NO;
				GCC_NO_COMMON_BLOCKS = YES;
				GCC_OPTIMIZATION_LEVEL = 0;
				GCC_PREPROCESSOR_DEFINITIONS = (
					"DEBUG=1",
					"$(inherited)",
				);
				GCC_WARN_64_TO_32_BIT_CONVERSION = YES;
				GCC_WARN_ABOUT_RETURN_TYPE = YES_ERROR;
				GCC_WARN_UNDECLARED_SELECTOR = YES;
				GCC_WARN_UNINITIALIZED_AUTOS = YES_AGGRESSIVE;
				GCC_WARN_UNUSED_FUNCTION = YES;
				GCC_WARN_UNUSED_VARIABLE = YES;
				MACOSX_DEPLOYMENT_TARGET = 12.3;
				MTL_ENABLE_DEBUG_INFO = INCLUDE_SOURCE;
				MTL_FAST_MATH = YES;
				ONLY_ACTIVE_ARCH = YES;
				SDKROOT = macosx;
			};
			name = Debug;
		};
		29F647B929385D5C008BFDF6 /* Release */ = {
			isa = XCBuildConfiguration;
			buildSettings = {
				ALWAYS_SEARCH_USER_PATHS = NO;
				CLANG_ANALYZER_NONNULL = YES;
				CLANG_ANALYZER_NUMBER_OBJECT_CONVERSION = YES_AGGRESSIVE;
				CLANG_CXX_LANGUAGE_STANDARD = "gnu++20";
				CLANG_ENABLE_MODULES = YES;
				CLANG_ENABLE_OBJC_ARC = YES;
				CLANG_ENABLE_OBJC_WEAK = YES;
				CLANG_WARN_BLOCK_CAPTURE_AUTORELEASING = YES;
				CLANG_WARN_BOOL_CONVERSION = YES;
				CLANG_WARN_COMMA = YES;
				CLANG_WARN_CONSTANT_CONVERSION = YES;
				CLANG_WARN_DEPRECATED_OBJC_IMPLEMENTATIONS = YES;
				CLANG_WARN_DIRECT_OBJC_ISA_USAGE = YES_ERROR;
				CLANG_WARN_DOCUMENTATION_COMMENTS = YES;
				CLANG_WARN_EMPTY_BODY = YES;
				CLANG_WARN_ENUM_CONVERSION = YES;
				CLANG_WARN_INFINITE_RECURSION = YES;
				CLANG_WARN_INT_CONVERSION = YES;
				CLANG_WARN_NON_LITERAL_NULL_CONVERSION = YES;
				CLANG_WARN_OBJC_IMPLICIT_RETAIN_SELF = YES;
				CLANG_WARN_OBJC_LITERAL_CONVERSION = YES;
				CLANG_WARN_OBJC_ROOT_CLASS = YES_ERROR;
				CLANG_WARN_QUOTED_INCLUDE_IN_FRAMEWORK_HEADER = YES;
				CLANG_WARN_RANGE_LOOP_ANALYSIS = YES;
				CLANG_WARN_STRICT_PROTOTYPES = YES;
				CLANG_WARN_SUSPICIOUS_MOVE = YES;
				CLANG_WARN_UNGUARDED_AVAILABILITY = YES_AGGRESSIVE;
				CLANG_WARN_UNREACHABLE_CODE = YES;
				CLANG_WARN__DUPLICATE_METHOD_MATCH = YES;
				COPY_PHASE_STRIP = NO;
				DEBUG_INFORMATION_FORMAT = "dwarf-with-dsym";
				ENABLE_NS_ASSERTIONS = NO;
				ENABLE_STRICT_OBJC_MSGSEND = YES;
				GCC_C_LANGUAGE_STANDARD = gnu11;
				GCC_NO_COMMON_BLOCKS = YES;
				GCC_WARN_64_TO_32_BIT_CONVERSION = YES;
				GCC_WARN_ABOUT_RETURN_TYPE = YES_ERROR;
				GCC_WARN_UNDECLARED_SELECTOR = YES;
				GCC_WARN_UNINITIALIZED_AUTOS = YES_AGGRESSIVE;
				GCC_WARN_UNUSED_FUNCTION = YES;
				GCC_WARN_UNUSED_VARIABLE = YES;
				MACOSX_DEPLOYMENT_TARGET = 12.3;
				MTL_ENABLE_DEBUG_INFO = NO;
				MTL_FAST_MATH = YES;
				SDKROOT = macosx;
			};
			name = Release;
		};
		29F647BB29385D5C008BFDF6 /* Debug */ = {
			isa = XCBuildConfiguration;
			buildSettings = {
				CODE_SIGN_STYLE = Automatic;
				DEVELOPMENT_TEAM = 4XU4KL2FFC;
				ENABLE_HARDENED_RUNTIME = YES;
				PRODUCT_NAME = "$(TARGET_NAME)";
			};
			name = Debug;
		};
		29F647BC29385D5C008BFDF6 /* Release */ = {
			isa = XCBuildConfiguration;
			buildSettings = {
				CODE_SIGN_STYLE = Automatic;
				DEVELOPMENT_TEAM = 4XU4KL2FFC;
				ENABLE_HARDENED_RUNTIME = YES;
				PRODUCT_NAME = "$(TARGET_NAME)";
			};
			name = Release;
		};
/* End XCBuildConfiguration section */

/* Begin XCConfigurationList section */
		29F647AE29385D5C008BFDF6 /* Build configuration list for PBXProject "aoc-2022" */ = {
			isa = XCConfigurationList;
			buildConfigurations = (
				29F647B829385D5C008BFDF6 /* Debug */,
				29F647B929385D5C008BFDF6 /* Release */,
			);
			defaultConfigurationIsVisible = 0;
			defaultConfigurationName = Release;
		};
		29F647BA29385D5C008BFDF6 /* Build configuration list for PBXNativeTarget "aoc-2022" */ = {
			isa = XCConfigurationList;
			buildConfigurations = (
				29F647BB29385D5C008BFDF6 /* Debug */,
				29F647BC29385D5C008BFDF6 /* Release */,
			);
			defaultConfigurationIsVisible = 0;
			defaultConfigurationName = Release;
		};
/* End XCConfigurationList section */
	};
	rootObject = 29F647AB29385D5C008BFDF6 /* Project object */;
}
